
Microsoft Visual Studio Solution File, Format Version 12.00
# Visual Studio Version 16
VisualStudioVersion = 16.0.31019.35
MinimumVisualStudioVersion = 10.0.40219.1
Project("{FAE04EC0-301F-11D3-BF4B-00C04F79EFBC}") = "AddressBookSystem", "AddressBookSystem\AddressBookSystem.csproj", "{FE89DA5F-B149-46FF-912F-C99644B2399E}"
EndProject
Global
	GlobalSection(SolutionConfigurationPlatforms) = preSolution
		Debug|Any CPU = Debug|Any CPU
		Release|Any CPU = Release|Any CPU
	EndGlobalSection
	GlobalSection(ProjectConfigurationPlatforms) = postSolution
		{FE89DA5F-B149-46FF-912F-C99644B2399E}.Debug|Any CPU.ActiveCfg = Debug|Any CPU
		{FE89DA5F-B149-46FF-912F-C99644B2399E}.Debug|Any CPU.Build.0 = Debug|Any CPU
		{FE89DA5F-B149-46FF-912F-C99644B2399E}.Release|Any CPU.ActiveCfg = Release|Any CPU
		{FE89DA5F-B149-46FF-912F-C99644B2399E}.Release|Any CPU.Build.0 = Release|Any CPU
	EndGlobalSection
	GlobalSection(SolutionProperties) = preSolution
		HideSolutionNode = FALSE
	EndGlobalSection
	GlobalSection(ExtensibilityGlobals) = postSolution
		SolutionGuid = {81E1DA67-79F0-480B-892E-E9DD45C9D1D2}
	EndGlobalSection
EndGlobal
